
Microsoft Visual Studio Solution File, Format Version 12.00
# Visual Studio Version 16
VisualStudioVersion = 16.0.30711.63
MinimumVisualStudioVersion = 10.0.40219.1
Project("{FAE04EC0-301F-11D3-BF4B-00C04F79EFBC}") = "asdasdasdasd", "asdasdasdasd.csproj", "{A67B0205-029B-4A8D-ACCC-6C74D43E019E}"
EndProject
Global
	GlobalSection(SolutionConfigurationPlatforms) = preSolution
		Debug|Any CPU = Debug|Any CPU
		Release|Any CPU = Release|Any CPU
	EndGlobalSection
	GlobalSection(ProjectConfigurationPlatforms) = postSolution
		{A67B0205-029B-4A8D-ACCC-6C74D43E019E}.Debug|Any CPU.ActiveCfg = Debug|Any CPU
		{A67B0205-029B-4A8D-ACCC-6C74D43E019E}.Debug|Any CPU.Build.0 = Debug|Any CPU
		{A67B0205-029B-4A8D-ACCC-6C74D43E019E}.Release|Any CPU.ActiveCfg = Release|Any CPU
		{A67B0205-029B-4A8D-ACCC-6C74D43E019E}.Release|Any CPU.Build.0 = Release|Any CPU
	EndGlobalSection
	GlobalSection(SolutionProperties) = preSolution
		HideSolutionNode = FALSE
	EndGlobalSection
	GlobalSection(ExtensibilityGlobals) = postSolution
		SolutionGuid = {42DBD201-F6C2-473D-8B29-35394E6C447B}
	EndGlobalSection
EndGlobal
