
Microsoft Visual Studio Solution File, Format Version 12.00
# Visual Studio Version 16
VisualStudioVersion = 16.0.30413.136
MinimumVisualStudioVersion = 10.0.40219.1
Project("{F184B08F-C81C-45F6-A57F-5ABD9991F28F}") = "area of rectangle", "area of rectangle\area of rectangle.vbproj", "{D03BF7A7-D9C4-4C1C-9882-E47255AE6C45}"
EndProject
Global
	GlobalSection(SolutionConfigurationPlatforms) = preSolution
		Debug|Any CPU = Debug|Any CPU
		Release|Any CPU = Release|Any CPU
	EndGlobalSection
	GlobalSection(ProjectConfigurationPlatforms) = postSolution
		{D03BF7A7-D9C4-4C1C-9882-E47255AE6C45}.Debug|Any CPU.ActiveCfg = Debug|Any CPU
		{D03BF7A7-D9C4-4C1C-9882-E47255AE6C45}.Debug|Any CPU.Build.0 = Debug|Any CPU
		{D03BF7A7-D9C4-4C1C-9882-E47255AE6C45}.Release|Any CPU.ActiveCfg = Release|Any CPU
		{D03BF7A7-D9C4-4C1C-9882-E47255AE6C45}.Release|Any CPU.Build.0 = Release|Any CPU
	EndGlobalSection
	GlobalSection(SolutionProperties) = preSolution
		HideSolutionNode = FALSE
	EndGlobalSection
	GlobalSection(ExtensibilityGlobals) = postSolution
		SolutionGuid = {949407BB-EDCC-4193-BF70-5B88B5AC80A0}
	EndGlobalSection
EndGlobal
